
Microsoft Visual Studio Solution File, Format Version 12.00
# Visual Studio 14
VisualStudioVersion = 14.0.25420.1
MinimumVisualStudioVersion = 10.0.40219.1
Project("{FAE04EC0-301F-11D3-BF4B-00C04F79EFBC}") = "MailSender", "MailSender\MailSender.csproj", "{A7989F9C-0129-456E-A726-2D6218C6879D}"
EndProject
Project("{FAE04EC0-301F-11D3-BF4B-00C04F79EFBC}") = "EmailSenderConsoleApp", "EmailSenderConsoleApp\EmailSenderConsoleApp.csproj", "{7FD1850D-9DCE-4707-B644-75078233F2A6}"
EndProject
Global
	GlobalSection(SolutionConfigurationPlatforms) = preSolution
		Debug|Any CPU = Debug|Any CPU
		Release|Any CPU = Release|Any CPU
	EndGlobalSection
	GlobalSection(ProjectConfigurationPlatforms) = postSolution
		{A7989F9C-0129-456E-A726-2D6218C6879D}.Debug|Any CPU.ActiveCfg = Debug|Any CPU
		{A7989F9C-0129-456E-A726-2D6218C6879D}.Debug|Any CPU.Build.0 = Debug|Any CPU
		{A7989F9C-0129-456E-A726-2D6218C6879D}.Release|Any CPU.ActiveCfg = Release|Any CPU
		{A7989F9C-0129-456E-A726-2D6218C6879D}.Release|Any CPU.Build.0 = Release|Any CPU
		{7FD1850D-9DCE-4707-B644-75078233F2A6}.Debug|Any CPU.ActiveCfg = Debug|Any CPU
		{7FD1850D-9DCE-4707-B644-75078233F2A6}.Debug|Any CPU.Build.0 = Debug|Any CPU
		{7FD1850D-9DCE-4707-B644-75078233F2A6}.Release|Any CPU.ActiveCfg = Release|Any CPU
		{7FD1850D-9DCE-4707-B644-75078233F2A6}.Release|Any CPU.Build.0 = Release|Any CPU
	EndGlobalSection
	GlobalSection(SolutionProperties) = preSolution
		HideSolutionNode = FALSE
	EndGlobalSection
EndGlobal
